
Microsoft Visual Studio Solution File, Format Version 12.00
# Visual Studio Version 16
VisualStudioVersion = 16.0.809.2
MinimumVisualStudioVersion = 10.0.40219.1
Project("{FAE04EC0-301F-11D3-BF4B-00C04F79EFBC}") = "CheckDocto", "CheckDocto\CheckDocto.csproj", "{3EF46A56-3403-43DB-9832-3881723FB96E}"
EndProject
Global
	GlobalSection(SolutionConfigurationPlatforms) = preSolution
		Debug|Any CPU = Debug|Any CPU
		Release|Any CPU = Release|Any CPU
	EndGlobalSection
	GlobalSection(ProjectConfigurationPlatforms) = postSolution
		{3EF46A56-3403-43DB-9832-3881723FB96E}.Debug|Any CPU.ActiveCfg = Debug|Any CPU
		{3EF46A56-3403-43DB-9832-3881723FB96E}.Debug|Any CPU.Build.0 = Debug|Any CPU
		{3EF46A56-3403-43DB-9832-3881723FB96E}.Release|Any CPU.ActiveCfg = Release|Any CPU
		{3EF46A56-3403-43DB-9832-3881723FB96E}.Release|Any CPU.Build.0 = Release|Any CPU
	EndGlobalSection
	GlobalSection(SolutionProperties) = preSolution
		HideSolutionNode = FALSE
	EndGlobalSection
	GlobalSection(ExtensibilityGlobals) = postSolution
		SolutionGuid = {91D1AB9E-E68C-44A7-81CC-2202AE18BEB9}
	EndGlobalSection
EndGlobal
